{
  "name": "cxtr-lw",
  "version": "1.0.0",
  "lockfileVersion": 2,
  "requires": true,
  "packages": {
    "": {
      "name": "cxtr-lw",
      "version": "1.0.0",
      "license": "MIT",
      "dependencies": {
        "ansi-colors": "^4.1.3",
        "fs": "^0.0.1-security",
        "http": "^0.0.1-security"
      },
      "bin": {
        "cxtr-lw": "main.js"
      }
    },
    "node_modules/ansi-colors": {
      "version": "4.1.3",
      "resolved": "https://registry.npmjs.org/ansi-colors/-/ansi-colors-4.1.3.tgz",
      "integrity": "sha512-/6w/C21Pm1A7aZitlI5Ni/2J6FFQN8i1Cvz3kHABAAbw93v/NlvKdVOqz7CCWz/3iv/JplRSEEZ83XION15ovw==",
      "engines": {
        "node": ">=6"
      }
    },
    "node_modules/fs": {
      "version": "0.0.1-security",
      "resolved": "https://registry.npmjs.org/fs/-/fs-0.0.1-security.tgz",
      "integrity": "sha512-3XY9e1pP0CVEUCdj5BmfIZxRBTSDycnbqhIOGec9QYtmVH2fbLpj86CFWkrNOkt/Fvty4KZG5lTglL9j/gJ87w=="
    },
    "node_modules/http": {
      "version": "0.0.1-security",
      "resolved": "https://registry.npmjs.org/http/-/http-0.0.1-security.tgz",
      "integrity": "sha512-RnDvP10Ty9FxqOtPZuxtebw1j4L/WiqNMDtuc1YMH1XQm5TgDRaR1G9u8upL6KD1bXHSp9eSXo/ED+8Q7FAr+g=="
    }
  },
  "dependencies": {
    "ansi-colors": {
      "version": "4.1.3",
      "resolved": "https://registry.npmjs.org/ansi-colors/-/ansi-colors-4.1.3.tgz",
      "integrity": "sha512-/6w/C21Pm1A7aZitlI5Ni/2J6FFQN8i1Cvz3kHABAAbw93v/NlvKdVOqz7CCWz/3iv/JplRSEEZ83XION15ovw=="
    },
    "fs": {
      "version": "0.0.1-security",
      "resolved": "https://registry.npmjs.org/fs/-/fs-0.0.1-security.tgz",
      "integrity": "sha512-3XY9e1pP0CVEUCdj5BmfIZxRBTSDycnbqhIOGec9QYtmVH2fbLpj86CFWkrNOkt/Fvty4KZG5lTglL9j/gJ87w=="
    },
    "http": {
      "version": "0.0.1-security",
      "resolved": "https://registry.npmjs.org/http/-/http-0.0.1-security.tgz",
      "integrity": "sha512-RnDvP10Ty9FxqOtPZuxtebw1j4L/WiqNMDtuc1YMH1XQm5TgDRaR1G9u8upL6KD1bXHSp9eSXo/ED+8Q7FAr+g=="
    }
  }
}
